// !$*UTF8*$!
{
	archiveVersion = 1;
	classes = {
	};
	objectVersion = 50;
	objects = {

/* Begin PBXBuildFile section */
		010E3B6E24A3A9E30095AEFA /* yelpReview.swift in Sources */ = {isa = PBXBuildFile; fileRef = 010E3B6D24A3A9E30095AEFA /* yelpReview.swift */; };
		010E3B7024A3AE510095AEFA /* matchStars.swift in Sources */ = {isa = PBXBuildFile; fileRef = 010E3B6F24A3AE510095AEFA /* matchStars.swift */; };
		0177ED4024A0FF4C00B60E60 /* MapKit.framework in Frameworks */ = {isa = PBXBuildFile; fileRef = 0177ED3F24A0FF4C00B60E60 /* MapKit.framework */; };
		A91D53F724B4E72A007DE421 /* Lodges.swift in Sources */ = {isa = PBXBuildFile; fileRef = A91D53F624B4E72A007DE421 /* Lodges.swift */; };
		A91D53FB24B4F8A9007DE421 /* customCell.xib in Resources */ = {isa = PBXBuildFile; fileRef = A91D53FA24B4F8A9007DE421 /* customCell.xib */; };
		A91D53FD24B4FECE007DE421 /* CustomCell.swift in Sources */ = {isa = PBXBuildFile; fileRef = A91D53FC24B4FECE007DE421 /* CustomCell.swift */; };
		A9D828CC24A674780002964B /* createAccountPage.swift in Sources */ = {isa = PBXBuildFile; fileRef = A9D828CB24A674780002964B /* createAccountPage.swift */; };
		A9F02DBE249A83920047CF50 /* AppDelegate.swift in Sources */ = {isa = PBXBuildFile; fileRef = A9F02DBD249A83920047CF50 /* AppDelegate.swift */; };
		A9F02DC0249A83920047CF50 /* SceneDelegate.swift in Sources */ = {isa = PBXBuildFile; fileRef = A9F02DBF249A83920047CF50 /* SceneDelegate.swift */; };
		A9F02DC2249A83920047CF50 /* ViewController.swift in Sources */ = {isa = PBXBuildFile; fileRef = A9F02DC1249A83920047CF50 /* ViewController.swift */; };
		A9F02DC5249A83920047CF50 /* Main.storyboard in Resources */ = {isa = PBXBuildFile; fileRef = A9F02DC3249A83920047CF50 /* Main.storyboard */; };
		A9F02DC7249A83930047CF50 /* Assets.xcassets in Resources */ = {isa = PBXBuildFile; fileRef = A9F02DC6249A83930047CF50 /* Assets.xcassets */; };
		A9F02DCA249A83930047CF50 /* LaunchScreen.storyboard in Resources */ = {isa = PBXBuildFile; fileRef = A9F02DC8249A83930047CF50 /* LaunchScreen.storyboard */; };
		A9F02DD5249A83930047CF50 /* SnowTimeTests.swift in Sources */ = {isa = PBXBuildFile; fileRef = A9F02DD4249A83930047CF50 /* SnowTimeTests.swift */; };
		A9F02DE0249A83930047CF50 /* SnowTimeUITests.swift in Sources */ = {isa = PBXBuildFile; fileRef = A9F02DDF249A83930047CF50 /* SnowTimeUITests.swift */; };
		A9F02E38249C50E80047CF50 /* RatingControl.swift in Sources */ = {isa = PBXBuildFile; fileRef = A9F02E37249C50E80047CF50 /* RatingControl.swift */; };
		A9F02E3A249D36FD0047CF50 /* MapsScreen.swift in Sources */ = {isa = PBXBuildFile; fileRef = A9F02E39249D36FD0047CF50 /* MapsScreen.swift */; };
/* End PBXBuildFile section */

/* Begin PBXContainerItemProxy section */
		A9F02DD1249A83930047CF50 /* PBXContainerItemProxy */ = {
			isa = PBXContainerItemProxy;
			containerPortal = A9F02DB2249A83920047CF50 /* Project object */;
			proxyType = 1;
			remoteGlobalIDString = A9F02DB9249A83920047CF50;
			remoteInfo = SnowTime;
		};
		A9F02DDC249A83930047CF50 /* PBXContainerItemProxy */ = {
			isa = PBXContainerItemProxy;
			containerPortal = A9F02DB2249A83920047CF50 /* Project object */;
			proxyType = 1;
			remoteGlobalIDString = A9F02DB9249A83920047CF50;
			remoteInfo = SnowTime;
		};
/* End PBXContainerItemProxy section */

/* Begin PBXFileReference section */
		010E3B6D24A3A9E30095AEFA /* yelpReview.swift */ = {isa = PBXFileReference; lastKnownFileType = sourcecode.swift; path = yelpReview.swift; sourceTree = "<group>"; };
		010E3B6F24A3AE510095AEFA /* matchStars.swift */ = {isa = PBXFileReference; lastKnownFileType = sourcecode.swift; path = matchStars.swift; sourceTree = "<group>"; };
		0177ED3F24A0FF4C00B60E60 /* MapKit.framework */ = {isa = PBXFileReference; lastKnownFileType = wrapper.framework; name = MapKit.framework; path = System/Library/Frameworks/MapKit.framework; sourceTree = SDKROOT; };
		A91D53F624B4E72A007DE421 /* Lodges.swift */ = {isa = PBXFileReference; lastKnownFileType = sourcecode.swift; path = Lodges.swift; sourceTree = "<group>"; };
		A91D53FA24B4F8A9007DE421 /* customCell.xib */ = {isa = PBXFileReference; lastKnownFileType = file.xib; path = customCell.xib; sourceTree = "<group>"; };
		A91D53FC24B4FECE007DE421 /* CustomCell.swift */ = {isa = PBXFileReference; lastKnownFileType = sourcecode.swift; path = CustomCell.swift; sourceTree = "<group>"; };
		A9D828CB24A674780002964B /* createAccountPage.swift */ = {isa = PBXFileReference; lastKnownFileType = sourcecode.swift; path = createAccountPage.swift; sourceTree = "<group>"; };
		A9F02DBA249A83920047CF50 /* SnowTime.app */ = {isa = PBXFileReference; explicitFileType = wrapper.application; includeInIndex = 0; path = SnowTime.app; sourceTree = BUILT_PRODUCTS_DIR; };
		A9F02DBD249A83920047CF50 /* AppDelegate.swift */ = {isa = PBXFileReference; lastKnownFileType = sourcecode.swift; path = AppDelegate.swift; sourceTree = "<group>"; };
		A9F02DBF249A83920047CF50 /* SceneDelegate.swift */ = {isa = PBXFileReference; lastKnownFileType = sourcecode.swift; path = SceneDelegate.swift; sourceTree = "<group>"; };
		A9F02DC1249A83920047CF50 /* ViewController.swift */ = {isa = PBXFileReference; lastKnownFileType = sourcecode.swift; path = ViewController.swift; sourceTree = "<group>"; };
		A9F02DC4249A83920047CF50 /* Base */ = {isa = PBXFileReference; lastKnownFileType = file.storyboard; name = Base; path = Base.lproj/Main.storyboard; sourceTree = "<group>"; };
		A9F02DC6249A83930047CF50 /* Assets.xcassets */ = {isa = PBXFileReference; lastKnownFileType = folder.assetcatalog; path = Assets.xcassets; sourceTree = "<group>"; };
		A9F02DC9249A83930047CF50 /* Base */ = {isa = PBXFileReference; lastKnownFileType = file.storyboard; name = Base; path = Base.lproj/LaunchScreen.storyboard; sourceTree = "<group>"; };
		A9F02DCB249A83930047CF50 /* Info.plist */ = {isa = PBXFileReference; lastKnownFileType = text.plist.xml; path = Info.plist; sourceTree = "<group>"; };
		A9F02DD0249A83930047CF50 /* SnowTimeTests.xctest */ = {isa = PBXFileReference; explicitFileType = wrapper.cfbundle; includeInIndex = 0; path = SnowTimeTests.xctest; sourceTree = BUILT_PRODUCTS_DIR; };
		A9F02DD4249A83930047CF50 /* SnowTimeTests.swift */ = {isa = PBXFileReference; lastKnownFileType = sourcecode.swift; path = SnowTimeTests.swift; sourceTree = "<group>"; };
		A9F02DD6249A83930047CF50 /* Info.plist */ = {isa = PBXFileReference; lastKnownFileType = text.plist.xml; path = Info.plist; sourceTree = "<group>"; };
		A9F02DDB249A83930047CF50 /* SnowTimeUITests.xctest */ = {isa = PBXFileReference; explicitFileType = wrapper.cfbundle; includeInIndex = 0; path = SnowTimeUITests.xctest; sourceTree = BUILT_PRODUCTS_DIR; };
		A9F02DDF249A83930047CF50 /* SnowTimeUITests.swift */ = {isa = PBXFileReference; lastKnownFileType = sourcecode.swift; path = SnowTimeUITests.swift; sourceTree = "<group>"; };
		A9F02DE1249A83930047CF50 /* Info.plist */ = {isa = PBXFileReference; lastKnownFileType = text.plist.xml; path = Info.plist; sourceTree = "<group>"; };
		A9F02E37249C50E80047CF50 /* RatingControl.swift */ = {isa = PBXFileReference; lastKnownFileType = sourcecode.swift; path = RatingControl.swift; sourceTree = "<group>"; };
		A9F02E39249D36FD0047CF50 /* MapsScreen.swift */ = {isa = PBXFileReference; lastKnownFileType = sourcecode.swift; path = MapsScreen.swift; sourceTree = "<group>"; };
/* End PBXFileReference section */

/* Begin PBXFrameworksBuildPhase section */
		A9F02DB7249A83920047CF50 /* Frameworks */ = {
			isa = PBXFrameworksBuildPhase;
			buildActionMask = 2147483647;
			files = (
				0177ED4024A0FF4C00B60E60 /* MapKit.framework in Frameworks */,
			);
			runOnlyForDeploymentPostprocessing = 0;
		};
		A9F02DCD249A83930047CF50 /* Frameworks */ = {
			isa = PBXFrameworksBuildPhase;
			buildActionMask = 2147483647;
			files = (
			);
			runOnlyForDeploymentPostprocessing = 0;
		};
		A9F02DD8249A83930047CF50 /* Frameworks */ = {
			isa = PBXFrameworksBuildPhase;
			buildActionMask = 2147483647;
			files = (
			);
			runOnlyForDeploymentPostprocessing = 0;
		};
/* End PBXFrameworksBuildPhase section */

/* Begin PBXGroup section */
		0177ED3E24A0FF4C00B60E60 /* Frameworks */ = {
			isa = PBXGroup;
			children = (
				0177ED3F24A0FF4C00B60E60 /* MapKit.framework */,
			);
			name = Frameworks;
			sourceTree = "<group>";
		};
		A9F02DB1249A83920047CF50 = {
			isa = PBXGroup;
			children = (
				A9F02DBC249A83920047CF50 /* SnowTime */,
				A9F02DD3249A83930047CF50 /* SnowTimeTests */,
				A9F02DDE249A83930047CF50 /* SnowTimeUITests */,
				A9F02DBB249A83920047CF50 /* Products */,
				0177ED3E24A0FF4C00B60E60 /* Frameworks */,
			);
			sourceTree = "<group>";
		};
		A9F02DBB249A83920047CF50 /* Products */ = {
			isa = PBXGroup;
			children = (
				A9F02DBA249A83920047CF50 /* SnowTime.app */,
				A9F02DD0249A83930047CF50 /* SnowTimeTests.xctest */,
				A9F02DDB249A83930047CF50 /* SnowTimeUITests.xctest */,
			);
			name = Products;
			sourceTree = "<group>";
		};
		A9F02DBC249A83920047CF50 /* SnowTime */ = {
			isa = PBXGroup;
			children = (
				A9F02DBD249A83920047CF50 /* AppDelegate.swift */,
				A9F02DBF249A83920047CF50 /* SceneDelegate.swift */,
				A9F02DC1249A83920047CF50 /* ViewController.swift */,
				A9D828CB24A674780002964B /* createAccountPage.swift */,
				A9F02E37249C50E80047CF50 /* RatingControl.swift */,
				A9F02E39249D36FD0047CF50 /* MapsScreen.swift */,
				A9F02DC3249A83920047CF50 /* Main.storyboard */,
				010E3B6D24A3A9E30095AEFA /* yelpReview.swift */,
				A91D53FA24B4F8A9007DE421 /* customCell.xib */,
				A91D53FC24B4FECE007DE421 /* CustomCell.swift */,
				A91D53F624B4E72A007DE421 /* Lodges.swift */,
				010E3B6F24A3AE510095AEFA /* matchStars.swift */,
				A9F02DC6249A83930047CF50 /* Assets.xcassets */,
				A9F02DC8249A83930047CF50 /* LaunchScreen.storyboard */,
				A9F02DCB249A83930047CF50 /* Info.plist */,
			);
			path = SnowTime;
			sourceTree = "<group>";
		};
		A9F02DD3249A83930047CF50 /* SnowTimeTests */ = {
			isa = PBXGroup;
			children = (
				A9F02DD4249A83930047CF50 /* SnowTimeTests.swift */,
				A9F02DD6249A83930047CF50 /* Info.plist */,
			);
			path = SnowTimeTests;
			sourceTree = "<group>";
		};
		A9F02DDE249A83930047CF50 /* SnowTimeUITests */ = {
			isa = PBXGroup;
			children = (
				A9F02DDF249A83930047CF50 /* SnowTimeUITests.swift */,
				A9F02DE1249A83930047CF50 /* Info.plist */,
			);
			path = SnowTimeUITests;
			sourceTree = "<group>";
		};
/* End PBXGroup section */

/* Begin PBXNativeTarget section */
		A9F02DB9249A83920047CF50 /* SnowTime */ = {
			isa = PBXNativeTarget;
			buildConfigurationList = A9F02DE4249A83930047CF50 /* Build configuration list for PBXNativeTarget "SnowTime" */;
			buildPhases = (
				A9F02DB6249A83920047CF50 /* Sources */,
				A9F02DB7249A83920047CF50 /* Frameworks */,
				A9F02DB8249A83920047CF50 /* Resources */,
			);
			buildRules = (
			);
			dependencies = (
			);
			name = SnowTime;
			productName = SnowTime;
			productReference = A9F02DBA249A83920047CF50 /* SnowTime.app */;
			productType = "com.apple.product-type.application";
		};
		A9F02DCF249A83930047CF50 /* SnowTimeTests */ = {
			isa = PBXNativeTarget;
			buildConfigurationList = A9F02DE7249A83930047CF50 /* Build configuration list for PBXNativeTarget "SnowTimeTests" */;
			buildPhases = (
				A9F02DCC249A83930047CF50 /* Sources */,
				A9F02DCD249A83930047CF50 /* Frameworks */,
				A9F02DCE249A83930047CF50 /* Resources */,
			);
			buildRules = (
			);
			dependencies = (
				A9F02DD2249A83930047CF50 /* PBXTargetDependency */,
			);
			name = SnowTimeTests;
			productName = SnowTimeTests;
			productReference = A9F02DD0249A83930047CF50 /* SnowTimeTests.xctest */;
			productType = "com.apple.product-type.bundle.unit-test";
		};
		A9F02DDA249A83930047CF50 /* SnowTimeUITests */ = {
			isa = PBXNativeTarget;
			buildConfigurationList = A9F02DEA249A83930047CF50 /* Build configuration list for PBXNativeTarget "SnowTimeUITests" */;
			buildPhases = (
				A9F02DD7249A83930047CF50 /* Sources */,
				A9F02DD8249A83930047CF50 /* Frameworks */,
				A9F02DD9249A83930047CF50 /* Resources */,
			);
			buildRules = (
			);
			dependencies = (
				A9F02DDD249A83930047CF50 /* PBXTargetDependency */,
			);
			name = SnowTimeUITests;
			productName = SnowTimeUITests;
			productReference = A9F02DDB249A83930047CF50 /* SnowTimeUITests.xctest */;
			productType = "com.apple.product-type.bundle.ui-testing";
		};
/* End PBXNativeTarget section */

/* Begin PBXProject section */
		A9F02DB2249A83920047CF50 /* Project object */ = {
			isa = PBXProject;
			attributes = {
				LastSwiftUpdateCheck = 1150;
				LastUpgradeCheck = 1150;
				ORGANIZATIONNAME = "Thomas Eads";
				TargetAttributes = {
					A9F02DB9249A83920047CF50 = {
						CreatedOnToolsVersion = 11.5;
					};
					A9F02DCF249A83930047CF50 = {
						CreatedOnToolsVersion = 11.5;
						TestTargetID = A9F02DB9249A83920047CF50;
					};
					A9F02DDA249A83930047CF50 = {
						CreatedOnToolsVersion = 11.5;
						TestTargetID = A9F02DB9249A83920047CF50;
					};
				};
			};
			buildConfigurationList = A9F02DB5249A83920047CF50 /* Build configuration list for PBXProject "SnowTime" */;
			compatibilityVersion = "Xcode 9.3";
			developmentRegion = en;
			hasScannedForEncodings = 0;
			knownRegions = (
				en,
				Base,
			);
			mainGroup = A9F02DB1249A83920047CF50;
			productRefGroup = A9F02DBB249A83920047CF50 /* Products */;
			projectDirPath = "";
			projectRoot = "";
			targets = (
				A9F02DB9249A83920047CF50 /* SnowTime */,
				A9F02DCF249A83930047CF50 /* SnowTimeTests */,
				A9F02DDA249A83930047CF50 /* SnowTimeUITests */,
			);
		};
/* End PBXProject section */

/* Begin PBXResourcesBuildPhase section */
		A9F02DB8249A83920047CF50 /* Resources */ = {
			isa = PBXResourcesBuildPhase;
			buildActionMask = 2147483647;
			files = (
				A9F02DCA249A83930047CF50 /* LaunchScreen.storyboard in Resources */,
				A9F02DC7249A83930047CF50 /* Assets.xcassets in Resources */,
				A91D53FB24B4F8A9007DE421 /* customCell.xib in Resources */,
				A9F02DC5249A83920047CF50 /* Main.storyboard in Resources */,
			);
			runOnlyForDeploymentPostprocessing = 0;
		};
		A9F02DCE249A83930047CF50 /* Resources */ = {
			isa = PBXResourcesBuildPhase;
			buildActionMask = 2147483647;
			files = (
			);
			runOnlyForDeploymentPostprocessing = 0;
		};
		A9F02DD9249A83930047CF50 /* Resources */ = {
			isa = PBXResourcesBuildPhase;
			buildActionMask = 2147483647;
			files = (
			);
			runOnlyForDeploymentPostprocessing = 0;
		};
/* End PBXResourcesBuildPhase section */

/* Begin PBXSourcesBuildPhase section */
		A9F02DB6249A83920047CF50 /* Sources */ = {
			isa = PBXSourcesBuildPhase;
			buildActionMask = 2147483647;
			files = (
				A9D828CC24A674780002964B /* createAccountPage.swift in Sources */,
				A91D53F724B4E72A007DE421 /* Lodges.swift in Sources */,
				A91D53FD24B4FECE007DE421 /* CustomCell.swift in Sources */,
				A9F02DC2249A83920047CF50 /* ViewController.swift in Sources */,
				A9F02DBE249A83920047CF50 /* AppDelegate.swift in Sources */,
				A9F02E38249C50E80047CF50 /* RatingControl.swift in Sources */,
				A9F02E3A249D36FD0047CF50 /* MapsScreen.swift in Sources */,
				010E3B7024A3AE510095AEFA /* matchStars.swift in Sources */,
				A9F02DC0249A83920047CF50 /* SceneDelegate.swift in Sources */,
				010E3B6E24A3A9E30095AEFA /* yelpReview.swift in Sources */,
			);
			runOnlyForDeploymentPostprocessing = 0;
		};
		A9F02DCC249A83930047CF50 /* Sources */ = {
			isa = PBXSourcesBuildPhase;
			buildActionMask = 2147483647;
			files = (
				A9F02DD5249A83930047CF50 /* SnowTimeTests.swift in Sources */,
			);
			runOnlyForDeploymentPostprocessing = 0;
		};
		A9F02DD7249A83930047CF50 /* Sources */ = {
			isa = PBXSourcesBuildPhase;
			buildActionMask = 2147483647;
			files = (
				A9F02DE0249A83930047CF50 /* SnowTimeUITests.swift in Sources */,
			);
			runOnlyForDeploymentPostprocessing = 0;
		};
/* End PBXSourcesBuildPhase section */

/* Begin PBXTargetDependency section */
		A9F02DD2249A83930047CF50 /* PBXTargetDependency */ = {
			isa = PBXTargetDependency;
			target = A9F02DB9249A83920047CF50 /* SnowTime */;
			targetProxy = A9F02DD1249A83930047CF50 /* PBXContainerItemProxy */;
		};
		A9F02DDD249A83930047CF50 /* PBXTargetDependency */ = {
			isa = PBXTargetDependency;
			target = A9F02DB9249A83920047CF50 /* SnowTime */;
			targetProxy = A9F02DDC249A83930047CF50 /* PBXContainerItemProxy */;
		};
/* End PBXTargetDependency section */

/* Begin PBXVariantGroup section */
		A9F02DC3249A83920047CF50 /* Main.storyboard */ = {
			isa = PBXVariantGroup;
			children = (
				A9F02DC4249A83920047CF50 /* Base */,
			);
			name = Main.storyboard;
			sourceTree = "<group>";
		};
		A9F02DC8249A83930047CF50 /* LaunchScreen.storyboard */ = {
			isa = PBXVariantGroup;
			children = (
				A9F02DC9249A83930047CF50 /* Base */,
			);
			name = LaunchScreen.storyboard;
			sourceTree = "<group>";
		};
/* End PBXVariantGroup section */

/* Begin XCBuildConfiguration section */
		A9F02DE2249A83930047CF50 /* Debug */ = {
			isa = XCBuildConfiguration;
			buildSettings = {
				ALWAYS_SEARCH_USER_PATHS = NO;
				CLANG_ANALYZER_NONNULL = YES;
				CLANG_ANALYZER_NUMBER_OBJECT_CONVERSION = YES_AGGRESSIVE;
				CLANG_CXX_LANGUAGE_STANDARD = "gnu++14";
				CLANG_CXX_LIBRARY = "libc++";
				CLANG_ENABLE_MODULES = YES;
				CLANG_ENABLE_OBJC_ARC = YES;
				CLANG_ENABLE_OBJC_WEAK = YES;
				CLANG_WARN_BLOCK_CAPTURE_AUTORELEASING = YES;
				CLANG_WARN_BOOL_CONVERSION = YES;
				CLANG_WARN_COMMA = YES;
				CLANG_WARN_CONSTANT_CONVERSION = YES;
				CLANG_WARN_DEPRECATED_OBJC_IMPLEMENTATIONS = YES;
				CLANG_WARN_DIRECT_OBJC_ISA_USAGE = YES_ERROR;
				CLANG_WARN_DOCUMENTATION_COMMENTS = YES;
				CLANG_WARN_EMPTY_BODY = YES;
				CLANG_WARN_ENUM_CONVERSION = YES;
				CLANG_WARN_INFINITE_RECURSION = YES;
				CLANG_WARN_INT_CONVERSION = YES;
				CLANG_WARN_NON_LITERAL_NULL_CONVERSION = YES;
				CLANG_WARN_OBJC_IMPLICIT_RETAIN_SELF = YES;
				CLANG_WARN_OBJC_LITERAL_CONVERSION = YES;
				CLANG_WARN_OBJC_ROOT_CLASS = YES_ERROR;
				CLANG_WARN_RANGE_LOOP_ANALYSIS = YES;
				CLANG_WARN_STRICT_PROTOTYPES = YES;
				CLANG_WARN_SUSPICIOUS_MOVE = YES;
				CLANG_WARN_UNGUARDED_AVAILABILITY = YES_AGGRESSIVE;
				CLANG_WARN_UNREACHABLE_CODE = YES;
				CLANG_WARN__DUPLICATE_METHOD_MATCH = YES;
				COPY_PHASE_STRIP = NO;
				DEBUG_INFORMATION_FORMAT = dwarf;
				ENABLE_STRICT_OBJC_MSGSEND = YES;
				ENABLE_TESTABILITY = YES;
				GCC_C_LANGUAGE_STANDARD = gnu11;
				GCC_DYNAMIC_NO_PIC = NO;
				GCC_NO_COMMON_BLOCKS = YES;
				GCC_OPTIMIZATION_LEVEL = 0;
				GCC_PREPROCESSOR_DEFINITIONS = (
					"DEBUG=1",
					"$(inherited)",
				);
				GCC_WARN_64_TO_32_BIT_CONVERSION = YES;
				GCC_WARN_ABOUT_RETURN_TYPE = YES_ERROR;
				GCC_WARN_UNDECLARED_SELECTOR = YES;
				GCC_WARN_UNINITIALIZED_AUTOS = YES_AGGRESSIVE;
				GCC_WARN_UNUSED_FUNCTION = YES;
				GCC_WARN_UNUSED_VARIABLE = YES;
				IPHONEOS_DEPLOYMENT_TARGET = 13.5;
				MTL_ENABLE_DEBUG_INFO = INCLUDE_SOURCE;
				MTL_FAST_MATH = YES;
				ONLY_ACTIVE_ARCH = YES;
				SDKROOT = iphoneos;
				SWIFT_ACTIVE_COMPILATION_CONDITIONS = DEBUG;
				SWIFT_OPTIMIZATION_LEVEL = "-Onone";
			};
			name = Debug;
		};
		A9F02DE3249A83930047CF50 /* Release */ = {
			isa = XCBuildConfiguration;
			buildSettings = {
				ALWAYS_SEARCH_USER_PATHS = NO;
				CLANG_ANALYZER_NONNULL = YES;
				CLANG_ANALYZER_NUMBER_OBJECT_CONVERSION = YES_AGGRESSIVE;
				CLANG_CXX_LANGUAGE_STANDARD = "gnu++14";
				CLANG_CXX_LIBRARY = "libc++";
				CLANG_ENABLE_MODULES = YES;
				CLANG_ENABLE_OBJC_ARC = YES;
				CLANG_ENABLE_OBJC_WEAK = YES;
				CLANG_WARN_BLOCK_CAPTURE_AUTORELEASING = YES;
				CLANG_WARN_BOOL_CONVERSION = YES;
				CLANG_WARN_COMMA = YES;
				CLANG_WARN_CONSTANT_CONVERSION = YES;
				CLANG_WARN_DEPRECATED_OBJC_IMPLEMENTATIONS = YES;
				CLANG_WARN_DIRECT_OBJC_ISA_USAGE = YES_ERROR;
				CLANG_WARN_DOCUMENTATION_COMMENTS = YES;
				CLANG_WARN_EMPTY_BODY = YES;
				CLANG_WARN_ENUM_CONVERSION = YES;
				CLANG_WARN_INFINITE_RECURSION = YES;
				CLANG_WARN_INT_CONVERSION = YES;
				CLANG_WARN_NON_LITERAL_NULL_CONVERSION = YES;
				CLANG_WARN_OBJC_IMPLICIT_RETAIN_SELF = YES;
				CLANG_WARN_OBJC_LITERAL_CONVERSION = YES;
				CLANG_WARN_OBJC_ROOT_CLASS = YES_ERROR;
				CLANG_WARN_RANGE_LOOP_ANALYSIS = YES;
				CLANG_WARN_STRICT_PROTOTYPES = YES;
				CLANG_WARN_SUSPICIOUS_MOVE = YES;
				CLANG_WARN_UNGUARDED_AVAILABILITY = YES_AGGRESSIVE;
				CLANG_WARN_UNREACHABLE_CODE = YES;
				CLANG_WARN__DUPLICATE_METHOD_MATCH = YES;
				COPY_PHASE_STRIP = NO;
				DEBUG_INFORMATION_FORMAT = "dwarf-with-dsym";
				ENABLE_NS_ASSERTIONS = NO;
				ENABLE_STRICT_OBJC_MSGSEND = YES;
				GCC_C_LANGUAGE_STANDARD = gnu11;
				GCC_NO_COMMON_BLOCKS = YES;
				GCC_WARN_64_TO_32_BIT_CONVERSION = YES;
				GCC_WARN_ABOUT_RETURN_TYPE = YES_ERROR;
				GCC_WARN_UNDECLARED_SELECTOR = YES;
				GCC_WARN_UNINITIALIZED_AUTOS = YES_AGGRESSIVE;
				GCC_WARN_UNUSED_FUNCTION = YES;
				GCC_WARN_UNUSED_VARIABLE = YES;
				IPHONEOS_DEPLOYMENT_TARGET = 13.5;
				MTL_ENABLE_DEBUG_INFO = NO;
				MTL_FAST_MATH = YES;
				SDKROOT = iphoneos;
				SWIFT_COMPILATION_MODE = wholemodule;
				SWIFT_OPTIMIZATION_LEVEL = "-O";
				VALIDATE_PRODUCT = YES;
			};
			name = Release;
		};
		A9F02DE5249A83930047CF50 /* Debug */ = {
			isa = XCBuildConfiguration;
			buildSettings = {
				ASSETCATALOG_COMPILER_APPICON_NAME = AppIcon;
				CODE_SIGN_STYLE = Automatic;
				DEVELOPMENT_TEAM = U5748URZUB;
				INFOPLIST_FILE = SnowTime/Info.plist;
				LD_RUNPATH_SEARCH_PATHS = (
					"$(inherited)",
					"@executable_path/Frameworks",
				);
				PRODUCT_BUNDLE_IDENTIFIER = SnowTime.SnowTime;
				PRODUCT_NAME = "$(TARGET_NAME)";
				SWIFT_VERSION = 5.0;
				TARGETED_DEVICE_FAMILY = "1,2";
			};
			name = Debug;
		};
		A9F02DE6249A83930047CF50 /* Release */ = {
			isa = XCBuildConfiguration;
			buildSettings = {
				ASSETCATALOG_COMPILER_APPICON_NAME = AppIcon;
				CODE_SIGN_STYLE = Automatic;
				DEVELOPMENT_TEAM = U5748URZUB;
				INFOPLIST_FILE = SnowTime/Info.plist;
				LD_RUNPATH_SEARCH_PATHS = (
					"$(inherited)",
					"@executable_path/Frameworks",
				);
				PRODUCT_BUNDLE_IDENTIFIER = SnowTime.SnowTime;
				PRODUCT_NAME = "$(TARGET_NAME)";
				SWIFT_VERSION = 5.0;
				TARGETED_DEVICE_FAMILY = "1,2";
			};
			name = Release;
		};
		A9F02DE8249A83930047CF50 /* Debug */ = {
			isa = XCBuildConfiguration;
			buildSettings = {
				ALWAYS_EMBED_SWIFT_STANDARD_LIBRARIES = YES;
				BUNDLE_LOADER = "$(TEST_HOST)";
				CODE_SIGN_STYLE = Automatic;
				INFOPLIST_FILE = SnowTimeTests/Info.plist;
				IPHONEOS_DEPLOYMENT_TARGET = 13.5;
				LD_RUNPATH_SEARCH_PATHS = (
					"$(inherited)",
					"@executable_path/Frameworks",
					"@loader_path/Frameworks",
				);
				PRODUCT_BUNDLE_IDENTIFIER = SnowTime.SnowTimeTests;
				PRODUCT_NAME = "$(TARGET_NAME)";
				SWIFT_VERSION = 5.0;
				TARGETED_DEVICE_FAMILY = "1,2";
				TEST_HOST = "$(BUILT_PRODUCTS_DIR)/SnowTime.app/SnowTime";
			};
			name = Debug;
		};
		A9F02DE9249A83930047CF50 /* Release */ = {
			isa = XCBuildConfiguration;
			buildSettings = {
				ALWAYS_EMBED_SWIFT_STANDARD_LIBRARIES = YES;
				BUNDLE_LOADER = "$(TEST_HOST)";
				CODE_SIGN_STYLE = Automatic;
				INFOPLIST_FILE = SnowTimeTests/Info.plist;
				IPHONEOS_DEPLOYMENT_TARGET = 13.5;
				LD_RUNPATH_SEARCH_PATHS = (
					"$(inherited)",
					"@executable_path/Frameworks",
					"@loader_path/Frameworks",
				);
				PRODUCT_BUNDLE_IDENTIFIER = SnowTime.SnowTimeTests;
				PRODUCT_NAME = "$(TARGET_NAME)";
				SWIFT_VERSION = 5.0;
				TARGETED_DEVICE_FAMILY = "1,2";
				TEST_HOST = "$(BUILT_PRODUCTS_DIR)/SnowTime.app/SnowTime";
			};
			name = Release;
		};
		A9F02DEB249A83930047CF50 /* Debug */ = {
			isa = XCBuildConfiguration;
			buildSettings = {
				ALWAYS_EMBED_SWIFT_STANDARD_LIBRARIES = YES;
				CODE_SIGN_STYLE = Automatic;
				INFOPLIST_FILE = SnowTimeUITests/Info.plist;
				LD_RUNPATH_SEARCH_PATHS = (
					"$(inherited)",
					"@executable_path/Frameworks",
					"@loader_path/Frameworks",
				);
				PRODUCT_BUNDLE_IDENTIFIER = SnowTime.SnowTimeUITests;
				PRODUCT_NAME = "$(TARGET_NAME)";
				SWIFT_VERSION = 5.0;
				TARGETED_DEVICE_FAMILY = "1,2";
				TEST_TARGET_NAME = SnowTime;
			};
			name = Debug;
		};
		A9F02DEC249A83930047CF50 /* Release */ = {
			isa = XCBuildConfiguration;
			buildSettings = {
				ALWAYS_EMBED_SWIFT_STANDARD_LIBRARIES = YES;
				CODE_SIGN_STYLE = Automatic;
				INFOPLIST_FILE = SnowTimeUITests/Info.plist;
				LD_RUNPATH_SEARCH_PATHS = (
					"$(inherited)",
					"@executable_path/Frameworks",
					"@loader_path/Frameworks",
				);
				PRODUCT_BUNDLE_IDENTIFIER = SnowTime.SnowTimeUITests;
				PRODUCT_NAME = "$(TARGET_NAME)";
				SWIFT_VERSION = 5.0;
				TARGETED_DEVICE_FAMILY = "1,2";
				TEST_TARGET_NAME = SnowTime;
			};
			name = Release;
		};
/* End XCBuildConfiguration section */

/* Begin XCConfigurationList section */
		A9F02DB5249A83920047CF50 /* Build configuration list for PBXProject "SnowTime" */ = {
			isa = XCConfigurationList;
			buildConfigurations = (
				A9F02DE2249A83930047CF50 /* Debug */,
				A9F02DE3249A83930047CF50 /* Release */,
			);
			defaultConfigurationIsVisible = 0;
			defaultConfigurationName = Release;
		};
		A9F02DE4249A83930047CF50 /* Build configuration list for PBXNativeTarget "SnowTime" */ = {
			isa = XCConfigurationList;
			buildConfigurations = (
				A9F02DE5249A83930047CF50 /* Debug */,
				A9F02DE6249A83930047CF50 /* Release */,
			);
			defaultConfigurationIsVisible = 0;
			defaultConfigurationName = Release;
		};
		A9F02DE7249A83930047CF50 /* Build configuration list for PBXNativeTarget "SnowTimeTests" */ = {
			isa = XCConfigurationList;
			buildConfigurations = (
				A9F02DE8249A83930047CF50 /* Debug */,
				A9F02DE9249A83930047CF50 /* Release */,
			);
			defaultConfigurationIsVisible = 0;
			defaultConfigurationName = Release;
		};
		A9F02DEA249A83930047CF50 /* Build configuration list for PBXNativeTarget "SnowTimeUITests" */ = {
			isa = XCConfigurationList;
			buildConfigurations = (
				A9F02DEB249A83930047CF50 /* Debug */,
				A9F02DEC249A83930047CF50 /* Release */,
			);
			defaultConfigurationIsVisible = 0;
			defaultConfigurationName = Release;
		};
/* End XCConfigurationList section */
	};
	rootObject = A9F02DB2249A83920047CF50 /* Project object */;
}
